// !$*UTF8*$!
{
	archiveVersion = 1;
	classes = {
	};
	objectVersion = 70;
	objects = {

/* Begin PBXBuildFile section */
		3F15145E2B8E2D84004C65EB /* CommentViewController.swift in Sources */ = {isa = PBXBuildFile; fileRef = 3F15145D2B8E2D84004C65EB /* CommentViewController.swift */; };
		3F1F197F2B5F433A007CCB0A /* RegisterViewController.swift in Sources */ = {isa = PBXBuildFile; fileRef = 3F1F197E2B5F433A007CCB0A /* RegisterViewController.swift */; };
		3F1F19832B5F43D6007CCB0A /* HomeViewController.swift in Sources */ = {isa = PBXBuildFile; fileRef = 3F1F19822B5F43D6007CCB0A /* HomeViewController.swift */; };
		3F1F19852B5F4416007CCB0A /* DetailsViewController.swift in Sources */ = {isa = PBXBuildFile; fileRef = 3F1F19842B5F4416007CCB0A /* DetailsViewController.swift */; };
		3F1F198B2B5F4507007CCB0A /* PostViewController.swift in Sources */ = {isa = PBXBuildFile; fileRef = 3F1F198A2B5F4507007CCB0A /* PostViewController.swift */; };
		3F1F198D2B5F455B007CCB0A /* AddBloopViewController.swift in Sources */ = {isa = PBXBuildFile; fileRef = 3F1F198C2B5F455B007CCB0A /* AddBloopViewController.swift */; };
		3F1FC24E2B88F57F00AC42B5 /* Comment.swift in Sources */ = {isa = PBXBuildFile; fileRef = 3F1FC24D2B88F57F00AC42B5 /* Comment.swift */; };
		3F5C1FE72B852D9F00906F3F /* Constants.swift in Sources */ = {isa = PBXBuildFile; fileRef = 3F5C1FE62B852D9F00906F3F /* Constants.swift */; };
		3F5C1FE92B868F6F00906F3F /* Bloop.swift in Sources */ = {isa = PBXBuildFile; fileRef = 3F5C1FE82B868F6F00906F3F /* Bloop.swift */; };
		3F5C1FEB2B86960200906F3F /* FeedCell.swift in Sources */ = {isa = PBXBuildFile; fileRef = 3F5C1FEA2B86960200906F3F /* FeedCell.swift */; };
		3F5C1FED2B86BB7A00906F3F /* UserDetails.swift in Sources */ = {isa = PBXBuildFile; fileRef = 3F5C1FEC2B86BB7A00906F3F /* UserDetails.swift */; };
		3F7AB8C52BD951E200D0766B /* GoogleService-Info.plist in Resources */ = {isa = PBXBuildFile; fileRef = 3FCFFE252BD8A3D10016BD1A /* GoogleService-Info.plist */; };
		3F7AB8C92BD9540100D0766B /* FirebaseAuth in Frameworks */ = {isa = PBXBuildFile; productRef = 3F7AB8C82BD9540100D0766B /* FirebaseAuth */; };
		3F7AB8CB2BD9540100D0766B /* FirebaseAuthCombine-Community in Frameworks */ = {isa = PBXBuildFile; productRef = 3F7AB8CA2BD9540100D0766B /* FirebaseAuthCombine-Community */; };
		3F7AB8CD2BD9540100D0766B /* FirebaseDatabase in Frameworks */ = {isa = PBXBuildFile; productRef = 3F7AB8CC2BD9540100D0766B /* FirebaseDatabase */; };
		3F7AB8CF2BD9540100D0766B /* FirebaseDatabaseSwift in Frameworks */ = {isa = PBXBuildFile; productRef = 3F7AB8CE2BD9540100D0766B /* FirebaseDatabaseSwift */; };
		3F7AB8D12BD9540100D0766B /* FirebaseFirestore in Frameworks */ = {isa = PBXBuildFile; productRef = 3F7AB8D02BD9540100D0766B /* FirebaseFirestore */; };
		3F7AB8D32BD9540100D0766B /* FirebaseFirestoreSwift in Frameworks */ = {isa = PBXBuildFile; productRef = 3F7AB8D22BD9540100D0766B /* FirebaseFirestoreSwift */; };
		3F9CA89A2B8D68D60079018B /* CommentViewCell.swift in Sources */ = {isa = PBXBuildFile; fileRef = 3F9CA8992B8D68D60079018B /* CommentViewCell.swift */; };
		3FA9FDBC2B5EF523001E513C /* AppDelegate.swift in Sources */ = {isa = PBXBuildFile; fileRef = 3FA9FDBB2B5EF523001E513C /* AppDelegate.swift */; };
		3FA9FDBE2B5EF523001E513C /* SceneDelegate.swift in Sources */ = {isa = PBXBuildFile; fileRef = 3FA9FDBD2B5EF523001E513C /* SceneDelegate.swift */; };
		3FA9FDC02B5EF523001E513C /* LoginViewController.swift in Sources */ = {isa = PBXBuildFile; fileRef = 3FA9FDBF2B5EF523001E513C /* LoginViewController.swift */; };
		3FA9FDC32B5EF523001E513C /* Main.storyboard in Resources */ = {isa = PBXBuildFile; fileRef = 3FA9FDC12B5EF523001E513C /* Main.storyboard */; };
		3FA9FDC52B5EF525001E513C /* Assets.xcassets in Resources */ = {isa = PBXBuildFile; fileRef = 3FA9FDC42B5EF525001E513C /* Assets.xcassets */; };
		3FA9FDC82B5EF525001E513C /* LaunchScreen.storyboard in Resources */ = {isa = PBXBuildFile; fileRef = 3FA9FDC62B5EF525001E513C /* LaunchScreen.storyboard */; };
		3FDA67882B963269000DAEF6 /* FirebaseAPI.swift in Sources */ = {isa = PBXBuildFile; fileRef = 3FDA67872B963269000DAEF6 /* FirebaseAPI.swift */; };
		40A6D28D2EA5B12000BD6D4D /* LexendDeca-VariableFont_wght.ttf in Resources */ = {isa = PBXBuildFile; fileRef = 40A6D2862EA5B12000BD6D4D /* LexendDeca-VariableFont_wght.ttf */; };
		40A6D28E2EA5B12000BD6D4D /* LexendDeca-ExtraLight.ttf in Resources */ = {isa = PBXBuildFile; fileRef = 40A6D27F2EA5B12000BD6D4D /* LexendDeca-ExtraLight.ttf */; };
		40A6D28F2EA5B12000BD6D4D /* LexendDeca-Regular.ttf in Resources */ = {isa = PBXBuildFile; fileRef = 40A6D2822EA5B12000BD6D4D /* LexendDeca-Regular.ttf */; };
		40A6D2902EA5B12000BD6D4D /* PTSans-Regular.ttf in Resources */ = {isa = PBXBuildFile; fileRef = 40A6D28B2EA5B12000BD6D4D /* PTSans-Regular.ttf */; };
		40A6D2912EA5B12000BD6D4D /* LexendDeca-Bold.ttf in Resources */ = {isa = PBXBuildFile; fileRef = 40A6D27D2EA5B12000BD6D4D /* LexendDeca-Bold.ttf */; };
		40A6D2922EA5B12000BD6D4D /* LexendDeca-Black.ttf in Resources */ = {isa = PBXBuildFile; fileRef = 40A6D27C2EA5B12000BD6D4D /* LexendDeca-Black.ttf */; };
		40A6D2932EA5B12000BD6D4D /* README.txt in Resources */ = {isa = PBXBuildFile; fileRef = 40A6D2882EA5B12000BD6D4D /* README.txt */; };
		40A6D2942EA5B12000BD6D4D /* LexendDeca-SemiBold.ttf in Resources */ = {isa = PBXBuildFile; fileRef = 40A6D2832EA5B12000BD6D4D /* LexendDeca-SemiBold.ttf */; };
		40A6D2952EA5B12000BD6D4D /* LexendDeca-Medium.ttf in Resources */ = {isa = PBXBuildFile; fileRef = 40A6D2812EA5B12000BD6D4D /* LexendDeca-Medium.ttf */; };
		40A6D2962EA5B12000BD6D4D /* LexendDeca-Light.ttf in Resources */ = {isa = PBXBuildFile; fileRef = 40A6D2802EA5B12000BD6D4D /* LexendDeca-Light.ttf */; };
		40A6D2972EA5B12000BD6D4D /* LexendDeca-ExtraBold.ttf in Resources */ = {isa = PBXBuildFile; fileRef = 40A6D27E2EA5B12000BD6D4D /* LexendDeca-ExtraBold.ttf */; };
		40A6D2982EA5B12000BD6D4D /* OFL.txt in Resources */ = {isa = PBXBuildFile; fileRef = 40A6D2872EA5B12000BD6D4D /* OFL.txt */; };
		40A6D2992EA5B12000BD6D4D /* PTSans-Bold.ttf in Resources */ = {isa = PBXBuildFile; fileRef = 40A6D28A2EA5B12000BD6D4D /* PTSans-Bold.ttf */; };
		40A6D29A2EA5B12000BD6D4D /* LexendDeca-Thin.ttf in Resources */ = {isa = PBXBuildFile; fileRef = 40A6D2842EA5B12000BD6D4D /* LexendDeca-Thin.ttf */; };
		40F20AE52EA57C6600830EB4 /* Colors.swift in Sources */ = {isa = PBXBuildFile; fileRef = 40F20AE42EA57C6200830EB4 /* Colors.swift */; };
/* End PBXBuildFile section */

/* Begin PBXFileReference section */
		3F15145D2B8E2D84004C65EB /* CommentViewController.swift */ = {isa = PBXFileReference; lastKnownFileType = sourcecode.swift; path = CommentViewController.swift; sourceTree = "<group>"; };
		3F1F197E2B5F433A007CCB0A /* RegisterViewController.swift */ = {isa = PBXFileReference; lastKnownFileType = sourcecode.swift; path = RegisterViewController.swift; sourceTree = "<group>"; };
		3F1F19822B5F43D6007CCB0A /* HomeViewController.swift */ = {isa = PBXFileReference; lastKnownFileType = sourcecode.swift; path = HomeViewController.swift; sourceTree = "<group>"; };
		3F1F19842B5F4416007CCB0A /* DetailsViewController.swift */ = {isa = PBXFileReference; lastKnownFileType = sourcecode.swift; path = DetailsViewController.swift; sourceTree = "<group>"; };
		3F1F198A2B5F4507007CCB0A /* PostViewController.swift */ = {isa = PBXFileReference; lastKnownFileType = sourcecode.swift; path = PostViewController.swift; sourceTree = "<group>"; };
		3F1F198C2B5F455B007CCB0A /* AddBloopViewController.swift */ = {isa = PBXFileReference; lastKnownFileType = sourcecode.swift; path = AddBloopViewController.swift; sourceTree = "<group>"; };
		3F1FC24D2B88F57F00AC42B5 /* Comment.swift */ = {isa = PBXFileReference; lastKnownFileType = sourcecode.swift; path = Comment.swift; sourceTree = "<group>"; };
		3F5C1FE62B852D9F00906F3F /* Constants.swift */ = {isa = PBXFileReference; lastKnownFileType = sourcecode.swift; path = Constants.swift; sourceTree = "<group>"; };
		3F5C1FE82B868F6F00906F3F /* Bloop.swift */ = {isa = PBXFileReference; lastKnownFileType = sourcecode.swift; path = Bloop.swift; sourceTree = "<group>"; };
		3F5C1FEA2B86960200906F3F /* FeedCell.swift */ = {isa = PBXFileReference; lastKnownFileType = sourcecode.swift; path = FeedCell.swift; sourceTree = "<group>"; };
		3F5C1FEC2B86BB7A00906F3F /* UserDetails.swift */ = {isa = PBXFileReference; lastKnownFileType = sourcecode.swift; path = UserDetails.swift; sourceTree = "<group>"; };
		3F62D13B2BA345590030AC64 /* README.md */ = {isa = PBXFileReference; lastKnownFileType = net.daringfireball.markdown; path = README.md; sourceTree = "<group>"; };
		3F9CA8992B8D68D60079018B /* CommentViewCell.swift */ = {isa = PBXFileReference; lastKnownFileType = sourcecode.swift; path = CommentViewCell.swift; sourceTree = "<group>"; };
		3FA9FDB82B5EF523001E513C /* WhatEven.app */ = {isa = PBXFileReference; explicitFileType = wrapper.application; includeInIndex = 0; path = WhatEven.app; sourceTree = BUILT_PRODUCTS_DIR; };
		3FA9FDBB2B5EF523001E513C /* AppDelegate.swift */ = {isa = PBXFileReference; lastKnownFileType = sourcecode.swift; path = AppDelegate.swift; sourceTree = "<group>"; };
		3FA9FDBD2B5EF523001E513C /* SceneDelegate.swift */ = {isa = PBXFileReference; lastKnownFileType = sourcecode.swift; path = SceneDelegate.swift; sourceTree = "<group>"; };
		3FA9FDBF2B5EF523001E513C /* LoginViewController.swift */ = {isa = PBXFileReference; lastKnownFileType = sourcecode.swift; path = LoginViewController.swift; sourceTree = "<group>"; };
		3FA9FDC22B5EF523001E513C /* Base */ = {isa = PBXFileReference; lastKnownFileType = file.storyboard; name = Base; path = Base.lproj/Main.storyboard; sourceTree = "<group>"; };
		3FA9FDC42B5EF525001E513C /* Assets.xcassets */ = {isa = PBXFileReference; lastKnownFileType = folder.assetcatalog; path = Assets.xcassets; sourceTree = "<group>"; };
		3FA9FDC72B5EF525001E513C /* Base */ = {isa = PBXFileReference; lastKnownFileType = file.storyboard; name = Base; path = Base.lproj/LaunchScreen.storyboard; sourceTree = "<group>"; };
		3FA9FDC92B5EF525001E513C /* Info.plist */ = {isa = PBXFileReference; lastKnownFileType = text.plist.xml; path = Info.plist; sourceTree = "<group>"; };
		3FCFFE252BD8A3D10016BD1A /* GoogleService-Info.plist */ = {isa = PBXFileReference; fileEncoding = 4; lastKnownFileType = text.plist.xml; path = "GoogleService-Info.plist"; sourceTree = "<group>"; };
		3FDA67872B963269000DAEF6 /* FirebaseAPI.swift */ = {isa = PBXFileReference; lastKnownFileType = sourcecode.swift; path = FirebaseAPI.swift; sourceTree = "<group>"; };
		40A6D27C2EA5B12000BD6D4D /* LexendDeca-Black.ttf */ = {isa = PBXFileReference; lastKnownFileType = file; path = "LexendDeca-Black.ttf"; sourceTree = "<group>"; };
		40A6D27D2EA5B12000BD6D4D /* LexendDeca-Bold.ttf */ = {isa = PBXFileReference; lastKnownFileType = file; path = "LexendDeca-Bold.ttf"; sourceTree = "<group>"; };
		40A6D27E2EA5B12000BD6D4D /* LexendDeca-ExtraBold.ttf */ = {isa = PBXFileReference; lastKnownFileType = file; path = "LexendDeca-ExtraBold.ttf"; sourceTree = "<group>"; };
		40A6D27F2EA5B12000BD6D4D /* LexendDeca-ExtraLight.ttf */ = {isa = PBXFileReference; lastKnownFileType = file; path = "LexendDeca-ExtraLight.ttf"; sourceTree = "<group>"; };
		40A6D2802EA5B12000BD6D4D /* LexendDeca-Light.ttf */ = {isa = PBXFileReference; lastKnownFileType = file; path = "LexendDeca-Light.ttf"; sourceTree = "<group>"; };
		40A6D2812EA5B12000BD6D4D /* LexendDeca-Medium.ttf */ = {isa = PBXFileReference; lastKnownFileType = file; path = "LexendDeca-Medium.ttf"; sourceTree = "<group>"; };
		40A6D2822EA5B12000BD6D4D /* LexendDeca-Regular.ttf */ = {isa = PBXFileReference; lastKnownFileType = file; path = "LexendDeca-Regular.ttf"; sourceTree = "<group>"; };
		40A6D2832EA5B12000BD6D4D /* LexendDeca-SemiBold.ttf */ = {isa = PBXFileReference; lastKnownFileType = file; path = "LexendDeca-SemiBold.ttf"; sourceTree = "<group>"; };
		40A6D2842EA5B12000BD6D4D /* LexendDeca-Thin.ttf */ = {isa = PBXFileReference; lastKnownFileType = file; path = "LexendDeca-Thin.ttf"; sourceTree = "<group>"; };
		40A6D2862EA5B12000BD6D4D /* LexendDeca-VariableFont_wght.ttf */ = {isa = PBXFileReference; lastKnownFileType = file; path = "LexendDeca-VariableFont_wght.ttf"; sourceTree = "<group>"; };
		40A6D2872EA5B12000BD6D4D /* OFL.txt */ = {isa = PBXFileReference; lastKnownFileType = text; path = OFL.txt; sourceTree = "<group>"; };
		40A6D2882EA5B12000BD6D4D /* README.txt */ = {isa = PBXFileReference; lastKnownFileType = text; path = README.txt; sourceTree = "<group>"; };
		40A6D28A2EA5B12000BD6D4D /* PTSans-Bold.ttf */ = {isa = PBXFileReference; lastKnownFileType = file; path = "PTSans-Bold.ttf"; sourceTree = "<group>"; };
		40A6D28B2EA5B12000BD6D4D /* PTSans-Regular.ttf */ = {isa = PBXFileReference; lastKnownFileType = file; path = "PTSans-Regular.ttf"; sourceTree = "<group>"; };
		40F20AE42EA57C6200830EB4 /* Colors.swift */ = {isa = PBXFileReference; lastKnownFileType = sourcecode.swift; path = Colors.swift; sourceTree = "<group>"; };
/* End PBXFileReference section */

/* Begin PBXFileSystemSynchronizedRootGroup section */
		40A6D2782EA597EF00BD6D4D /* Comments */ = {isa = PBXFileSystemSynchronizedRootGroup; explicitFileTypes = {}; explicitFolders = (); path = Comments; sourceTree = "<group>"; };
		40F20AE62EA57E3C00830EB4 /* Login */ = {isa = PBXFileSystemSynchronizedRootGroup; explicitFileTypes = {}; explicitFolders = (); path = Login; sourceTree = "<group>"; };
		40F20AF02EA57F9A00830EB4 /* RegisterUser */ = {isa = PBXFileSystemSynchronizedRootGroup; explicitFileTypes = {}; explicitFolders = (); path = RegisterUser; sourceTree = "<group>"; };
		40F20AF72EA5804E00830EB4 /* Navigation  */ = {isa = PBXFileSystemSynchronizedRootGroup; explicitFileTypes = {}; explicitFolders = (); path = "Navigation "; sourceTree = "<group>"; };
		40F20B002EA585BC00830EB4 /* HomeFeed */ = {isa = PBXFileSystemSynchronizedRootGroup; explicitFileTypes = {}; explicitFolders = (); path = HomeFeed; sourceTree = "<group>"; };
		40F20B072EA58B2C00830EB4 /* Details */ = {isa = PBXFileSystemSynchronizedRootGroup; explicitFileTypes = {}; explicitFolders = (); path = Details; sourceTree = "<group>"; };
		40F20B082EA58B5200830EB4 /* Post */ = {isa = PBXFileSystemSynchronizedRootGroup; explicitFileTypes = {}; explicitFolders = (); path = Post; sourceTree = "<group>"; };
		40F20B0A2EA58B7100830EB4 /* AddBloopFeature */ = {isa = PBXFileSystemSynchronizedRootGroup; explicitFileTypes = {}; explicitFolders = (); path = AddBloopFeature; sourceTree = "<group>"; };
/* End PBXFileSystemSynchronizedRootGroup section */

/* Begin PBXFrameworksBuildPhase section */
		3FA9FDB52B5EF523001E513C /* Frameworks */ = {
			isa = PBXFrameworksBuildPhase;
			buildActionMask = 2147483647;
			files = (
				3F7AB8CF2BD9540100D0766B /* FirebaseDatabaseSwift in Frameworks */,
				3F7AB8CD2BD9540100D0766B /* FirebaseDatabase in Frameworks */,
				3F7AB8C92BD9540100D0766B /* FirebaseAuth in Frameworks */,
				3F7AB8D12BD9540100D0766B /* FirebaseFirestore in Frameworks */,
				3F7AB8CB2BD9540100D0766B /* FirebaseAuthCombine-Community in Frameworks */,
				3F7AB8D32BD9540100D0766B /* FirebaseFirestoreSwift in Frameworks */,
			);
			runOnlyForDeploymentPostprocessing = 0;
		};
/* End PBXFrameworksBuildPhase section */

/* Begin PBXGroup section */
		3F1F19802B5F4342007CCB0A /* Model */ = {
			isa = PBXGroup;
			children = (
				3F5C1FE62B852D9F00906F3F /* Constants.swift */,
				3F5C1FE82B868F6F00906F3F /* Bloop.swift */,
				3F5C1FEA2B86960200906F3F /* FeedCell.swift */,
				3F5C1FEC2B86BB7A00906F3F /* UserDetails.swift */,
				3F1FC24D2B88F57F00AC42B5 /* Comment.swift */,
				3F9CA8992B8D68D60079018B /* CommentViewCell.swift */,
				3FDA67872B963269000DAEF6 /* FirebaseAPI.swift */,
			);
			path = Model;
			sourceTree = "<group>";
		};
		3F1F19812B5F434B007CCB0A /* Controller */ = {
			isa = PBXGroup;
			children = (
				3F1F197E2B5F433A007CCB0A /* RegisterViewController.swift */,
				3FA9FDBF2B5EF523001E513C /* LoginViewController.swift */,
				3F1F19822B5F43D6007CCB0A /* HomeViewController.swift */,
				3F1F19842B5F4416007CCB0A /* DetailsViewController.swift */,
				3F1F198A2B5F4507007CCB0A /* PostViewController.swift */,
				3F1F198C2B5F455B007CCB0A /* AddBloopViewController.swift */,
				3F15145D2B8E2D84004C65EB /* CommentViewController.swift */,
			);
			name = Controller;
			sourceTree = "<group>";
		};
		3FA9FDAF2B5EF523001E513C = {
			isa = PBXGroup;
			children = (
				3F62D13B2BA345590030AC64 /* README.md */,
				3FA9FDBA2B5EF523001E513C /* WhatEven */,
				3FA9FDB92B5EF523001E513C /* Products */,
			);
			sourceTree = "<group>";
		};
		3FA9FDB92B5EF523001E513C /* Products */ = {
			isa = PBXGroup;
			children = (
				3FA9FDB82B5EF523001E513C /* WhatEven.app */,
			);
			name = Products;
			sourceTree = "<group>";
		};
		3FA9FDBA2B5EF523001E513C /* WhatEven */ = {
			isa = PBXGroup;
			children = (
				40A6D28C2EA5B12000BD6D4D /* Fonts */,
				40F20B1F2EA58F9400830EB4 /* Legacy UIKit */,
				40F20B0A2EA58B7100830EB4 /* AddBloopFeature */,
				40F20B082EA58B5200830EB4 /* Post */,
				40F20B072EA58B2C00830EB4 /* Details */,
				40F20B002EA585BC00830EB4 /* HomeFeed */,
				40F20AF72EA5804E00830EB4 /* Navigation  */,
				40F20AF02EA57F9A00830EB4 /* RegisterUser */,
				40A6D2782EA597EF00BD6D4D /* Comments */,
				40F20AE62EA57E3C00830EB4 /* Login */,
				40F20AE42EA57C6200830EB4 /* Colors.swift */,
				3F1F19802B5F4342007CCB0A /* Model */,
				3FA9FDBB2B5EF523001E513C /* AppDelegate.swift */,
				3FA9FDBD2B5EF523001E513C /* SceneDelegate.swift */,
				3FA9FDC12B5EF523001E513C /* Main.storyboard */,
				3FA9FDC42B5EF525001E513C /* Assets.xcassets */,
				3FA9FDC62B5EF525001E513C /* LaunchScreen.storyboard */,
				3FA9FDC92B5EF525001E513C /* Info.plist */,
				3FCFFE252BD8A3D10016BD1A /* GoogleService-Info.plist */,
			);
			path = WhatEven;
			sourceTree = "<group>";
		};
		40A6D2852EA5B12000BD6D4D /* static */ = {
			isa = PBXGroup;
			children = (
				40A6D27C2EA5B12000BD6D4D /* LexendDeca-Black.ttf */,
				40A6D27D2EA5B12000BD6D4D /* LexendDeca-Bold.ttf */,
				40A6D27E2EA5B12000BD6D4D /* LexendDeca-ExtraBold.ttf */,
				40A6D27F2EA5B12000BD6D4D /* LexendDeca-ExtraLight.ttf */,
				40A6D2802EA5B12000BD6D4D /* LexendDeca-Light.ttf */,
				40A6D2812EA5B12000BD6D4D /* LexendDeca-Medium.ttf */,
				40A6D2822EA5B12000BD6D4D /* LexendDeca-Regular.ttf */,
				40A6D2832EA5B12000BD6D4D /* LexendDeca-SemiBold.ttf */,
				40A6D2842EA5B12000BD6D4D /* LexendDeca-Thin.ttf */,
			);
			path = static;
			sourceTree = "<group>";
		};
		40A6D2892EA5B12000BD6D4D /* Lexend_Deca */ = {
			isa = PBXGroup;
			children = (
				40A6D2852EA5B12000BD6D4D /* static */,
				40A6D2862EA5B12000BD6D4D /* LexendDeca-VariableFont_wght.ttf */,
				40A6D2872EA5B12000BD6D4D /* OFL.txt */,
				40A6D2882EA5B12000BD6D4D /* README.txt */,
			);
			path = Lexend_Deca;
			sourceTree = "<group>";
		};
		40A6D28C2EA5B12000BD6D4D /* Fonts */ = {
			isa = PBXGroup;
			children = (
				40A6D2892EA5B12000BD6D4D /* Lexend_Deca */,
				40A6D28A2EA5B12000BD6D4D /* PTSans-Bold.ttf */,
				40A6D28B2EA5B12000BD6D4D /* PTSans-Regular.ttf */,
			);
			path = Fonts;
			sourceTree = "<group>";
		};
		40F20B1F2EA58F9400830EB4 /* Legacy UIKit */ = {
			isa = PBXGroup;
			children = (
				3F1F19812B5F434B007CCB0A /* Controller */,
			);
			path = "Legacy UIKit";
			sourceTree = "<group>";
		};
/* End PBXGroup section */

/* Begin PBXNativeTarget section */
		3FA9FDB72B5EF523001E513C /* WhatEven */ = {
			isa = PBXNativeTarget;
			buildConfigurationList = 3FA9FDCC2B5EF525001E513C /* Build configuration list for PBXNativeTarget "WhatEven" */;
			buildPhases = (
				3FA9FDB42B5EF523001E513C /* Sources */,
				3FA9FDB52B5EF523001E513C /* Frameworks */,
				3FA9FDB62B5EF523001E513C /* Resources */,
			);
			buildRules = (
			);
			dependencies = (
			);
			fileSystemSynchronizedGroups = (
				40A6D2782EA597EF00BD6D4D /* Comments */,
				40F20AE62EA57E3C00830EB4 /* Login */,
				40F20AF02EA57F9A00830EB4 /* RegisterUser */,
				40F20AF72EA5804E00830EB4 /* Navigation  */,
				40F20B002EA585BC00830EB4 /* HomeFeed */,
				40F20B072EA58B2C00830EB4 /* Details */,
				40F20B082EA58B5200830EB4 /* Post */,
				40F20B0A2EA58B7100830EB4 /* AddBloopFeature */,
			);
			name = WhatEven;
			packageProductDependencies = (
				3F7AB8C82BD9540100D0766B /* FirebaseAuth */,
				3F7AB8CA2BD9540100D0766B /* FirebaseAuthCombine-Community */,
				3F7AB8CC2BD9540100D0766B /* FirebaseDatabase */,
				3F7AB8CE2BD9540100D0766B /* FirebaseDatabaseSwift */,
				3F7AB8D02BD9540100D0766B /* FirebaseFirestore */,
				3F7AB8D22BD9540100D0766B /* FirebaseFirestoreSwift */,
			);
			productName = WhatEven;
			productReference = 3FA9FDB82B5EF523001E513C /* WhatEven.app */;
			productType = "com.apple.product-type.application";
		};
/* End PBXNativeTarget section */

/* Begin PBXProject section */
		3FA9FDB02B5EF523001E513C /* Project object */ = {
			isa = PBXProject;
			attributes = {
				BuildIndependentTargetsInParallel = 1;
				LastSwiftUpdateCheck = 1400;
				LastUpgradeCheck = 1400;
				TargetAttributes = {
					3FA9FDB72B5EF523001E513C = {
						CreatedOnToolsVersion = 14.0;
					};
				};
			};
			buildConfigurationList = 3FA9FDB32B5EF523001E513C /* Build configuration list for PBXProject "WhatEven" */;
			compatibilityVersion = "Xcode 14.0";
			developmentRegion = en;
			hasScannedForEncodings = 0;
			knownRegions = (
				en,
				Base,
			);
			mainGroup = 3FA9FDAF2B5EF523001E513C;
			packageReferences = (
				3F7AB8C72BD9540100D0766B /* XCRemoteSwiftPackageReference "firebase-ios-sdk" */,
			);
			productRefGroup = 3FA9FDB92B5EF523001E513C /* Products */;
			projectDirPath = "";
			projectRoot = "";
			targets = (
				3FA9FDB72B5EF523001E513C /* WhatEven */,
			);
		};
/* End PBXProject section */

/* Begin PBXResourcesBuildPhase section */
		3FA9FDB62B5EF523001E513C /* Resources */ = {
			isa = PBXResourcesBuildPhase;
			buildActionMask = 2147483647;
			files = (
				40A6D28D2EA5B12000BD6D4D /* LexendDeca-VariableFont_wght.ttf in Resources */,
				40A6D28E2EA5B12000BD6D4D /* LexendDeca-ExtraLight.ttf in Resources */,
				40A6D28F2EA5B12000BD6D4D /* LexendDeca-Regular.ttf in Resources */,
				40A6D2902EA5B12000BD6D4D /* PTSans-Regular.ttf in Resources */,
				40A6D2912EA5B12000BD6D4D /* LexendDeca-Bold.ttf in Resources */,
				40A6D2922EA5B12000BD6D4D /* LexendDeca-Black.ttf in Resources */,
				40A6D2932EA5B12000BD6D4D /* README.txt in Resources */,
				40A6D2942EA5B12000BD6D4D /* LexendDeca-SemiBold.ttf in Resources */,
				40A6D2952EA5B12000BD6D4D /* LexendDeca-Medium.ttf in Resources */,
				40A6D2962EA5B12000BD6D4D /* LexendDeca-Light.ttf in Resources */,
				40A6D2972EA5B12000BD6D4D /* LexendDeca-ExtraBold.ttf in Resources */,
				40A6D2982EA5B12000BD6D4D /* OFL.txt in Resources */,
				40A6D2992EA5B12000BD6D4D /* PTSans-Bold.ttf in Resources */,
				40A6D29A2EA5B12000BD6D4D /* LexendDeca-Thin.ttf in Resources */,
				3FA9FDC82B5EF525001E513C /* LaunchScreen.storyboard in Resources */,
				3FA9FDC52B5EF525001E513C /* Assets.xcassets in Resources */,
				3F7AB8C52BD951E200D0766B /* GoogleService-Info.plist in Resources */,
				3FA9FDC32B5EF523001E513C /* Main.storyboard in Resources */,
			);
			runOnlyForDeploymentPostprocessing = 0;
		};
/* End PBXResourcesBuildPhase section */

/* Begin PBXSourcesBuildPhase section */
		3FA9FDB42B5EF523001E513C /* Sources */ = {
			isa = PBXSourcesBuildPhase;
			buildActionMask = 2147483647;
			files = (
				3F1F198B2B5F4507007CCB0A /* PostViewController.swift in Sources */,
				3FDA67882B963269000DAEF6 /* FirebaseAPI.swift in Sources */,
				3F5C1FEB2B86960200906F3F /* FeedCell.swift in Sources */,
				40F20AE52EA57C6600830EB4 /* Colors.swift in Sources */,
				3F5C1FE72B852D9F00906F3F /* Constants.swift in Sources */,
				3F1F19832B5F43D6007CCB0A /* HomeViewController.swift in Sources */,
				3F5C1FE92B868F6F00906F3F /* Bloop.swift in Sources */,
				3F15145E2B8E2D84004C65EB /* CommentViewController.swift in Sources */,
				3FA9FDC02B5EF523001E513C /* LoginViewController.swift in Sources */,
				3F5C1FED2B86BB7A00906F3F /* UserDetails.swift in Sources */,
				3F1F198D2B5F455B007CCB0A /* AddBloopViewController.swift in Sources */,
				3F1F19852B5F4416007CCB0A /* DetailsViewController.swift in Sources */,
				3FA9FDBC2B5EF523001E513C /* AppDelegate.swift in Sources */,
				3F1FC24E2B88F57F00AC42B5 /* Comment.swift in Sources */,
				3FA9FDBE2B5EF523001E513C /* SceneDelegate.swift in Sources */,
				3F9CA89A2B8D68D60079018B /* CommentViewCell.swift in Sources */,
				3F1F197F2B5F433A007CCB0A /* RegisterViewController.swift in Sources */,
			);
			runOnlyForDeploymentPostprocessing = 0;
		};
/* End PBXSourcesBuildPhase section */

/* Begin PBXVariantGroup section */
		3FA9FDC12B5EF523001E513C /* Main.storyboard */ = {
			isa = PBXVariantGroup;
			children = (
				3FA9FDC22B5EF523001E513C /* Base */,
			);
			name = Main.storyboard;
			sourceTree = "<group>";
		};
		3FA9FDC62B5EF525001E513C /* LaunchScreen.storyboard */ = {
			isa = PBXVariantGroup;
			children = (
				3FA9FDC72B5EF525001E513C /* Base */,
			);
			name = LaunchScreen.storyboard;
			sourceTree = "<group>";
		};
/* End PBXVariantGroup section */

/* Begin XCBuildConfiguration section */
		3FA9FDCA2B5EF525001E513C /* Debug */ = {
			isa = XCBuildConfiguration;
			buildSettings = {
				ALWAYS_SEARCH_USER_PATHS = NO;
				CLANG_ANALYZER_NONNULL = YES;
				CLANG_ANALYZER_NUMBER_OBJECT_CONVERSION = YES_AGGRESSIVE;
				CLANG_CXX_LANGUAGE_STANDARD = "gnu++20";
				CLANG_ENABLE_MODULES = YES;
				CLANG_ENABLE_OBJC_ARC = YES;
				CLANG_ENABLE_OBJC_WEAK = YES;
				CLANG_WARN_BLOCK_CAPTURE_AUTORELEASING = YES;
				CLANG_WARN_BOOL_CONVERSION = YES;
				CLANG_WARN_COMMA = YES;
				CLANG_WARN_CONSTANT_CONVERSION = YES;
				CLANG_WARN_DEPRECATED_OBJC_IMPLEMENTATIONS = YES;
				CLANG_WARN_DIRECT_OBJC_ISA_USAGE = YES_ERROR;
				CLANG_WARN_DOCUMENTATION_COMMENTS = YES;
				CLANG_WARN_EMPTY_BODY = YES;
				CLANG_WARN_ENUM_CONVERSION = YES;
				CLANG_WARN_INFINITE_RECURSION = YES;
				CLANG_WARN_INT_CONVERSION = YES;
				CLANG_WARN_NON_LITERAL_NULL_CONVERSION = YES;
				CLANG_WARN_OBJC_IMPLICIT_RETAIN_SELF = YES;
				CLANG_WARN_OBJC_LITERAL_CONVERSION = YES;
				CLANG_WARN_OBJC_ROOT_CLASS = YES_ERROR;
				CLANG_WARN_QUOTED_INCLUDE_IN_FRAMEWORK_HEADER = YES;
				CLANG_WARN_RANGE_LOOP_ANALYSIS = YES;
				CLANG_WARN_STRICT_PROTOTYPES = YES;
				CLANG_WARN_SUSPICIOUS_MOVE = YES;
				CLANG_WARN_UNGUARDED_AVAILABILITY = YES_AGGRESSIVE;
				CLANG_WARN_UNREACHABLE_CODE = YES;
				CLANG_WARN__DUPLICATE_METHOD_MATCH = YES;
				COPY_PHASE_STRIP = NO;
				DEBUG_INFORMATION_FORMAT = dwarf;
				ENABLE_STRICT_OBJC_MSGSEND = YES;
				ENABLE_TESTABILITY = YES;
				GCC_C_LANGUAGE_STANDARD = gnu11;
				GCC_DYNAMIC_NO_PIC = NO;
				GCC_NO_COMMON_BLOCKS = YES;
				GCC_OPTIMIZATION_LEVEL = 0;
				GCC_PREPROCESSOR_DEFINITIONS = (
					"DEBUG=1",
					"$(inherited)",
				);
				GCC_WARN_64_TO_32_BIT_CONVERSION = YES;
				GCC_WARN_ABOUT_RETURN_TYPE = YES_ERROR;
				GCC_WARN_UNDECLARED_SELECTOR = YES;
				GCC_WARN_UNINITIALIZED_AUTOS = YES_AGGRESSIVE;
				GCC_WARN_UNUSED_FUNCTION = YES;
				GCC_WARN_UNUSED_VARIABLE = YES;
				IPHONEOS_DEPLOYMENT_TARGET = 16.0;
				MTL_ENABLE_DEBUG_INFO = INCLUDE_SOURCE;
				MTL_FAST_MATH = YES;
				ONLY_ACTIVE_ARCH = YES;
				SDKROOT = iphoneos;
				SWIFT_ACTIVE_COMPILATION_CONDITIONS = DEBUG;
				SWIFT_OPTIMIZATION_LEVEL = "-Onone";
			};
			name = Debug;
		};
		3FA9FDCB2B5EF525001E513C /* Release */ = {
			isa = XCBuildConfiguration;
			buildSettings = {
				ALWAYS_SEARCH_USER_PATHS = NO;
				CLANG_ANALYZER_NONNULL = YES;
				CLANG_ANALYZER_NUMBER_OBJECT_CONVERSION = YES_AGGRESSIVE;
				CLANG_CXX_LANGUAGE_STANDARD = "gnu++20";
				CLANG_ENABLE_MODULES = YES;
				CLANG_ENABLE_OBJC_ARC = YES;
				CLANG_ENABLE_OBJC_WEAK = YES;
				CLANG_WARN_BLOCK_CAPTURE_AUTORELEASING = YES;
				CLANG_WARN_BOOL_CONVERSION = YES;
				CLANG_WARN_COMMA = YES;
				CLANG_WARN_CONSTANT_CONVERSION = YES;
				CLANG_WARN_DEPRECATED_OBJC_IMPLEMENTATIONS = YES;
				CLANG_WARN_DIRECT_OBJC_ISA_USAGE = YES_ERROR;
				CLANG_WARN_DOCUMENTATION_COMMENTS = YES;
				CLANG_WARN_EMPTY_BODY = YES;
				CLANG_WARN_ENUM_CONVERSION = YES;
				CLANG_WARN_INFINITE_RECURSION = YES;
				CLANG_WARN_INT_CONVERSION = YES;
				CLANG_WARN_NON_LITERAL_NULL_CONVERSION = YES;
				CLANG_WARN_OBJC_IMPLICIT_RETAIN_SELF = YES;
				CLANG_WARN_OBJC_LITERAL_CONVERSION = YES;
				CLANG_WARN_OBJC_ROOT_CLASS = YES_ERROR;
				CLANG_WARN_QUOTED_INCLUDE_IN_FRAMEWORK_HEADER = YES;
				CLANG_WARN_RANGE_LOOP_ANALYSIS = YES;
				CLANG_WARN_STRICT_PROTOTYPES = YES;
				CLANG_WARN_SUSPICIOUS_MOVE = YES;
				CLANG_WARN_UNGUARDED_AVAILABILITY = YES_AGGRESSIVE;
				CLANG_WARN_UNREACHABLE_CODE = YES;
				CLANG_WARN__DUPLICATE_METHOD_MATCH = YES;
				COPY_PHASE_STRIP = NO;
				DEBUG_INFORMATION_FORMAT = "dwarf-with-dsym";
				ENABLE_NS_ASSERTIONS = NO;
				ENABLE_STRICT_OBJC_MSGSEND = YES;
				GCC_C_LANGUAGE_STANDARD = gnu11;
				GCC_NO_COMMON_BLOCKS = YES;
				GCC_WARN_64_TO_32_BIT_CONVERSION = YES;
				GCC_WARN_ABOUT_RETURN_TYPE = YES_ERROR;
				GCC_WARN_UNDECLARED_SELECTOR = YES;
				GCC_WARN_UNINITIALIZED_AUTOS = YES_AGGRESSIVE;
				GCC_WARN_UNUSED_FUNCTION = YES;
				GCC_WARN_UNUSED_VARIABLE = YES;
				IPHONEOS_DEPLOYMENT_TARGET = 16.0;
				MTL_ENABLE_DEBUG_INFO = NO;
				MTL_FAST_MATH = YES;
				SDKROOT = iphoneos;
				SWIFT_COMPILATION_MODE = wholemodule;
				SWIFT_OPTIMIZATION_LEVEL = "-O";
				VALIDATE_PRODUCT = YES;
			};
			name = Release;
		};
		3FA9FDCD2B5EF525001E513C /* Debug */ = {
			isa = XCBuildConfiguration;
			buildSettings = {
				ASSETCATALOG_COMPILER_APPICON_NAME = AppIcon;
				ASSETCATALOG_COMPILER_GLOBAL_ACCENT_COLOR_NAME = AccentColor;
				CODE_SIGN_STYLE = Automatic;
				CURRENT_PROJECT_VERSION = 1;
				DEVELOPMENT_TEAM = 49FZ53KNL9;
				GENERATE_INFOPLIST_FILE = YES;
				INFOPLIST_FILE = WhatEven/Info.plist;
				INFOPLIST_KEY_UIApplicationSupportsIndirectInputEvents = YES;
				INFOPLIST_KEY_UILaunchStoryboardName = LaunchScreen;
				INFOPLIST_KEY_UIMainStoryboardFile = Main;
				INFOPLIST_KEY_UISupportedInterfaceOrientations_iPad = "UIInterfaceOrientationPortrait UIInterfaceOrientationPortraitUpsideDown UIInterfaceOrientationLandscapeLeft UIInterfaceOrientationLandscapeRight";
				INFOPLIST_KEY_UISupportedInterfaceOrientations_iPhone = "UIInterfaceOrientationPortrait UIInterfaceOrientationLandscapeLeft UIInterfaceOrientationLandscapeRight";
				LD_RUNPATH_SEARCH_PATHS = (
					"$(inherited)",
					"@executable_path/Frameworks",
				);
				MARKETING_VERSION = 1.0;
				PRODUCT_BUNDLE_IDENTIFIER = com.google.firebase.udacity.WhatEven;
				PRODUCT_NAME = "$(TARGET_NAME)";
				SWIFT_EMIT_LOC_STRINGS = YES;
				SWIFT_VERSION = 5.0;
				TARGETED_DEVICE_FAMILY = "1,2";
			};
			name = Debug;
		};
		3FA9FDCE2B5EF525001E513C /* Release */ = {
			isa = XCBuildConfiguration;
			buildSettings = {
				ASSETCATALOG_COMPILER_APPICON_NAME = AppIcon;
				ASSETCATALOG_COMPILER_GLOBAL_ACCENT_COLOR_NAME = AccentColor;
				CODE_SIGN_STYLE = Automatic;
				CURRENT_PROJECT_VERSION = 1;
				DEVELOPMENT_TEAM = 49FZ53KNL9;
				GENERATE_INFOPLIST_FILE = YES;
				INFOPLIST_FILE = WhatEven/Info.plist;
				INFOPLIST_KEY_UIApplicationSupportsIndirectInputEvents = YES;
				INFOPLIST_KEY_UILaunchStoryboardName = LaunchScreen;
				INFOPLIST_KEY_UIMainStoryboardFile = Main;
				INFOPLIST_KEY_UISupportedInterfaceOrientations_iPad = "UIInterfaceOrientationPortrait UIInterfaceOrientationPortraitUpsideDown UIInterfaceOrientationLandscapeLeft UIInterfaceOrientationLandscapeRight";
				INFOPLIST_KEY_UISupportedInterfaceOrientations_iPhone = "UIInterfaceOrientationPortrait UIInterfaceOrientationLandscapeLeft UIInterfaceOrientationLandscapeRight";
				LD_RUNPATH_SEARCH_PATHS = (
					"$(inherited)",
					"@executable_path/Frameworks",
				);
				MARKETING_VERSION = 1.0;
				PRODUCT_BUNDLE_IDENTIFIER = com.google.firebase.udacity.WhatEven;
				PRODUCT_NAME = "$(TARGET_NAME)";
				SWIFT_EMIT_LOC_STRINGS = YES;
				SWIFT_VERSION = 5.0;
				TARGETED_DEVICE_FAMILY = "1,2";
			};
			name = Release;
		};
/* End XCBuildConfiguration section */

/* Begin XCConfigurationList section */
		3FA9FDB32B5EF523001E513C /* Build configuration list for PBXProject "WhatEven" */ = {
			isa = XCConfigurationList;
			buildConfigurations = (
				3FA9FDCA2B5EF525001E513C /* Debug */,
				3FA9FDCB2B5EF525001E513C /* Release */,
			);
			defaultConfigurationIsVisible = 0;
			defaultConfigurationName = Release;
		};
		3FA9FDCC2B5EF525001E513C /* Build configuration list for PBXNativeTarget "WhatEven" */ = {
			isa = XCConfigurationList;
			buildConfigurations = (
				3FA9FDCD2B5EF525001E513C /* Debug */,
				3FA9FDCE2B5EF525001E513C /* Release */,
			);
			defaultConfigurationIsVisible = 0;
			defaultConfigurationName = Release;
		};
/* End XCConfigurationList section */

/* Begin XCRemoteSwiftPackageReference section */
		3F7AB8C72BD9540100D0766B /* XCRemoteSwiftPackageReference "firebase-ios-sdk" */ = {
			isa = XCRemoteSwiftPackageReference;
			repositoryURL = "https://github.com/firebase/firebase-ios-sdk";
			requirement = {
				kind = upToNextMajorVersion;
				minimumVersion = 10.24.0;
			};
		};
/* End XCRemoteSwiftPackageReference section */

/* Begin XCSwiftPackageProductDependency section */
		3F7AB8C82BD9540100D0766B /* FirebaseAuth */ = {
			isa = XCSwiftPackageProductDependency;
			package = 3F7AB8C72BD9540100D0766B /* XCRemoteSwiftPackageReference "firebase-ios-sdk" */;
			productName = FirebaseAuth;
		};
		3F7AB8CA2BD9540100D0766B /* FirebaseAuthCombine-Community */ = {
			isa = XCSwiftPackageProductDependency;
			package = 3F7AB8C72BD9540100D0766B /* XCRemoteSwiftPackageReference "firebase-ios-sdk" */;
			productName = "FirebaseAuthCombine-Community";
		};
		3F7AB8CC2BD9540100D0766B /* FirebaseDatabase */ = {
			isa = XCSwiftPackageProductDependency;
			package = 3F7AB8C72BD9540100D0766B /* XCRemoteSwiftPackageReference "firebase-ios-sdk" */;
			productName = FirebaseDatabase;
		};
		3F7AB8CE2BD9540100D0766B /* FirebaseDatabaseSwift */ = {
			isa = XCSwiftPackageProductDependency;
			package = 3F7AB8C72BD9540100D0766B /* XCRemoteSwiftPackageReference "firebase-ios-sdk" */;
			productName = FirebaseDatabaseSwift;
		};
		3F7AB8D02BD9540100D0766B /* FirebaseFirestore */ = {
			isa = XCSwiftPackageProductDependency;
			package = 3F7AB8C72BD9540100D0766B /* XCRemoteSwiftPackageReference "firebase-ios-sdk" */;
			productName = FirebaseFirestore;
		};
		3F7AB8D22BD9540100D0766B /* FirebaseFirestoreSwift */ = {
			isa = XCSwiftPackageProductDependency;
			package = 3F7AB8C72BD9540100D0766B /* XCRemoteSwiftPackageReference "firebase-ios-sdk" */;
			productName = FirebaseFirestoreSwift;
		};
/* End XCSwiftPackageProductDependency section */
	};
	rootObject = 3FA9FDB02B5EF523001E513C /* Project object */;
}
